
Microsoft Visual Studio Solution File, Format Version 12.00
# Visual Studio Version 16
VisualStudioVersion = 16.0.31005.135
MinimumVisualStudioVersion = 10.0.40219.1
Project("{FAE04EC0-301F-11D3-BF4B-00C04F79EFBC}") = "WindowsFormsApp3", "WindowsFormsApp3\WindowsFormsApp3.csproj", "{520FCD4C-1841-416B-A9B3-06D00E95FE1B}"
EndProject
Global
	GlobalSection(SolutionConfigurationPlatforms) = preSolution
		Debug|Any CPU = Debug|Any CPU
		Release|Any CPU = Release|Any CPU
	EndGlobalSection
	GlobalSection(ProjectConfigurationPlatforms) = postSolution
		{520FCD4C-1841-416B-A9B3-06D00E95FE1B}.Debug|Any CPU.ActiveCfg = Debug|Any CPU
		{520FCD4C-1841-416B-A9B3-06D00E95FE1B}.Debug|Any CPU.Build.0 = Debug|Any CPU
		{520FCD4C-1841-416B-A9B3-06D00E95FE1B}.Release|Any CPU.ActiveCfg = Release|Any CPU
		{520FCD4C-1841-416B-A9B3-06D00E95FE1B}.Release|Any CPU.Build.0 = Release|Any CPU
	EndGlobalSection
	GlobalSection(SolutionProperties) = preSolution
		HideSolutionNode = FALSE
	EndGlobalSection
	GlobalSection(ExtensibilityGlobals) = postSolution
		SolutionGuid = {6D5F4F78-AEAD-4E9B-A7FA-FB2E27890184}
	EndGlobalSection
EndGlobal
