
Microsoft Visual Studio Solution File, Format Version 12.00
# Visual Studio Version 16
VisualStudioVersion = 16.0.31005.135
MinimumVisualStudioVersion = 10.0.40219.1
Project("{FAE04EC0-301F-11D3-BF4B-00C04F79EFBC}") = "factorial", "factorial\factorial.csproj", "{9E03D306-4BF3-49E2-94D6-536C51BDF900}"
EndProject
Global
	GlobalSection(SolutionConfigurationPlatforms) = preSolution
		Debug|Any CPU = Debug|Any CPU
		Release|Any CPU = Release|Any CPU
	EndGlobalSection
	GlobalSection(ProjectConfigurationPlatforms) = postSolution
		{9E03D306-4BF3-49E2-94D6-536C51BDF900}.Debug|Any CPU.ActiveCfg = Debug|Any CPU
		{9E03D306-4BF3-49E2-94D6-536C51BDF900}.Debug|Any CPU.Build.0 = Debug|Any CPU
		{9E03D306-4BF3-49E2-94D6-536C51BDF900}.Release|Any CPU.ActiveCfg = Release|Any CPU
		{9E03D306-4BF3-49E2-94D6-536C51BDF900}.Release|Any CPU.Build.0 = Release|Any CPU
	EndGlobalSection
	GlobalSection(SolutionProperties) = preSolution
		HideSolutionNode = FALSE
	EndGlobalSection
	GlobalSection(ExtensibilityGlobals) = postSolution
		SolutionGuid = {8E5A5D38-2203-444E-9B81-DD0976522965}
	EndGlobalSection
EndGlobal
