
Microsoft Visual Studio Solution File, Format Version 12.00
# Visual Studio Version 16
VisualStudioVersion = 16.0.31005.135
MinimumVisualStudioVersion = 10.0.40219.1
Project("{FAE04EC0-301F-11D3-BF4B-00C04F79EFBC}") = "final", "final\final.csproj", "{D64C9A5E-6946-4AB4-AB9D-CA476691DB5A}"
EndProject
Global
	GlobalSection(SolutionConfigurationPlatforms) = preSolution
		Debug|Any CPU = Debug|Any CPU
		Release|Any CPU = Release|Any CPU
	EndGlobalSection
	GlobalSection(ProjectConfigurationPlatforms) = postSolution
		{D64C9A5E-6946-4AB4-AB9D-CA476691DB5A}.Debug|Any CPU.ActiveCfg = Debug|Any CPU
		{D64C9A5E-6946-4AB4-AB9D-CA476691DB5A}.Debug|Any CPU.Build.0 = Debug|Any CPU
		{D64C9A5E-6946-4AB4-AB9D-CA476691DB5A}.Release|Any CPU.ActiveCfg = Release|Any CPU
		{D64C9A5E-6946-4AB4-AB9D-CA476691DB5A}.Release|Any CPU.Build.0 = Release|Any CPU
	EndGlobalSection
	GlobalSection(SolutionProperties) = preSolution
		HideSolutionNode = FALSE
	EndGlobalSection
	GlobalSection(ExtensibilityGlobals) = postSolution
		SolutionGuid = {417AA1C9-5E58-4058-ADBF-14AB5D0C783E}
	EndGlobalSection
EndGlobal
